
Microsoft Visual Studio Solution File, Format Version 12.00
# Visual Studio 2012
Project("{FAE04EC0-301F-11D3-BF4B-00C04F79EFBC}") = "Squire.Decoupled.Moq", "src\Squire.Decoupled.Moq\Squire.Decoupled.Moq.csproj", "{211AF047-2FD0-4A88-ACAD-9AFE9EE7801C}"
EndProject
Project("{2150E333-8FDC-42A3-9474-1A3956D46DE8}") = "Tests", "Tests", "{F269CEA9-61C7-45E1-B7C1-F626474F0D2B}"
EndProject
Project("{FAE04EC0-301F-11D3-BF4B-00C04F79EFBC}") = "Squire.Decoupled.Moq.Tests", "tests\Squire.Decoupled.Moq.Tests\Squire.Decoupled.Moq.Tests.csproj", "{1767DEA1-6337-443D-BA08-215469E275F8}"
EndProject
Project("{2150E333-8FDC-42A3-9474-1A3956D46DE8}") = "Solution Items", "Solution Items", "{41F911FF-A51E-4D8A-846D-E1ECF03EDE7D}"
	ProjectSection(SolutionItems) = preProject
		GlobalAssemblyInfo.cs = GlobalAssemblyInfo.cs
		Gruntfile.js = Gruntfile.js
		MIT-LICENSE.txt = MIT-LICENSE.txt
		package.json = package.json
		readme.md = readme.md
	EndProjectSection
EndProject
Global
	GlobalSection(SolutionConfigurationPlatforms) = preSolution
		Debug|Any CPU = Debug|Any CPU
		Release|Any CPU = Release|Any CPU
	EndGlobalSection
	GlobalSection(ProjectConfigurationPlatforms) = postSolution
		{211AF047-2FD0-4A88-ACAD-9AFE9EE7801C}.Debug|Any CPU.ActiveCfg = Debug|Any CPU
		{211AF047-2FD0-4A88-ACAD-9AFE9EE7801C}.Debug|Any CPU.Build.0 = Debug|Any CPU
		{211AF047-2FD0-4A88-ACAD-9AFE9EE7801C}.Release|Any CPU.ActiveCfg = Release|Any CPU
		{211AF047-2FD0-4A88-ACAD-9AFE9EE7801C}.Release|Any CPU.Build.0 = Release|Any CPU
		{1767DEA1-6337-443D-BA08-215469E275F8}.Debug|Any CPU.ActiveCfg = Debug|Any CPU
		{1767DEA1-6337-443D-BA08-215469E275F8}.Debug|Any CPU.Build.0 = Debug|Any CPU
		{1767DEA1-6337-443D-BA08-215469E275F8}.Release|Any CPU.ActiveCfg = Release|Any CPU
		{1767DEA1-6337-443D-BA08-215469E275F8}.Release|Any CPU.Build.0 = Release|Any CPU
	EndGlobalSection
	GlobalSection(SolutionProperties) = preSolution
		HideSolutionNode = FALSE
	EndGlobalSection
	GlobalSection(NestedProjects) = preSolution
		{1767DEA1-6337-443D-BA08-215469E275F8} = {F269CEA9-61C7-45E1-B7C1-F626474F0D2B}
	EndGlobalSection
EndGlobal
